
Microsoft Visual Studio Solution File, Format Version 12.00
Project("{FAE04EC0-301F-11D3-BF4B-00C04F79EFBC}") = "NoTankControls", "NoTankControls\NoTankControls.csproj", "{9A0201A2-AC1B-4541-B027-A42EA43ED9B3}"
EndProject
Global
	GlobalSection(SolutionConfigurationPlatforms) = preSolution
		Debug|Any CPU = Debug|Any CPU
		Release|Any CPU = Release|Any CPU
	EndGlobalSection
	GlobalSection(ProjectConfigurationPlatforms) = postSolution
		{9A0201A2-AC1B-4541-B027-A42EA43ED9B3}.Debug|Any CPU.ActiveCfg = Debug|Any CPU
		{9A0201A2-AC1B-4541-B027-A42EA43ED9B3}.Debug|Any CPU.Build.0 = Debug|Any CPU
		{9A0201A2-AC1B-4541-B027-A42EA43ED9B3}.Release|Any CPU.ActiveCfg = Release|Any CPU
		{9A0201A2-AC1B-4541-B027-A42EA43ED9B3}.Release|Any CPU.Build.0 = Release|Any CPU
	EndGlobalSection
EndGlobal
